
Microsoft Visual Studio Solution File, Format Version 12.00
# Visual Studio Version 16
VisualStudioVersion = 16.0.30002.166
MinimumVisualStudioVersion = 10.0.40219.1
Project("{9A19103F-16F7-4668-BE54-9A1E7A4F7556}") = "SEOAutomation", "SEOAutomation\SEOAutomation.csproj", "{954E8035-2AB0-4CA1-8FF9-7E08AD50B215}"
EndProject
Project("{9A19103F-16F7-4668-BE54-9A1E7A4F7556}") = "TechnicalAuditModule", "TechnicalAuditModule\TechnicalAuditModule.csproj", "{90A25136-2F80-41C5-8803-88FC12063D97}"
EndProject
Project("{FAE04EC0-301F-11D3-BF4B-00C04F79EFBC}") = "SEOAutomationContracts", "SEOAutomationContracts\SEOAutomationContracts.csproj", "{3874A1B9-0F3E-4E38-BAF4-000F5EB5458D}"
EndProject
Global
	GlobalSection(SolutionConfigurationPlatforms) = preSolution
		Debug|Any CPU = Debug|Any CPU
		Release|Any CPU = Release|Any CPU
	EndGlobalSection
	GlobalSection(ProjectConfigurationPlatforms) = postSolution
		{954E8035-2AB0-4CA1-8FF9-7E08AD50B215}.Debug|Any CPU.ActiveCfg = Debug|Any CPU
		{954E8035-2AB0-4CA1-8FF9-7E08AD50B215}.Debug|Any CPU.Build.0 = Debug|Any CPU
		{954E8035-2AB0-4CA1-8FF9-7E08AD50B215}.Release|Any CPU.ActiveCfg = Release|Any CPU
		{954E8035-2AB0-4CA1-8FF9-7E08AD50B215}.Release|Any CPU.Build.0 = Release|Any CPU
		{90A25136-2F80-41C5-8803-88FC12063D97}.Debug|Any CPU.ActiveCfg = Debug|Any CPU
		{90A25136-2F80-41C5-8803-88FC12063D97}.Debug|Any CPU.Build.0 = Debug|Any CPU
		{90A25136-2F80-41C5-8803-88FC12063D97}.Release|Any CPU.ActiveCfg = Release|Any CPU
		{90A25136-2F80-41C5-8803-88FC12063D97}.Release|Any CPU.Build.0 = Release|Any CPU
		{3874A1B9-0F3E-4E38-BAF4-000F5EB5458D}.Debug|Any CPU.ActiveCfg = Debug|Any CPU
		{3874A1B9-0F3E-4E38-BAF4-000F5EB5458D}.Debug|Any CPU.Build.0 = Debug|Any CPU
		{3874A1B9-0F3E-4E38-BAF4-000F5EB5458D}.Release|Any CPU.ActiveCfg = Release|Any CPU
		{3874A1B9-0F3E-4E38-BAF4-000F5EB5458D}.Release|Any CPU.Build.0 = Release|Any CPU
	EndGlobalSection
	GlobalSection(SolutionProperties) = preSolution
		HideSolutionNode = FALSE
	EndGlobalSection
	GlobalSection(ExtensibilityGlobals) = postSolution
		SolutionGuid = {790DEFAF-5ECF-47F1-A9F2-83F2AE183137}
	EndGlobalSection
EndGlobal
